{
  "name": "moodle-to-latex",
  "lockfileVersion": 3,
  "requires": true,
  "packages": {
    "": {
      "dependencies": {
        "chrome-types": "^0.1.324",
        "tsc": "^2.0.4"
      },
      "devDependencies": {
        "typescript": "^5.7.2"
      }
    },
    "node_modules/chrome-types": {
      "version": "0.1.324",
      "resolved": "https://registry.npmjs.org/chrome-types/-/chrome-types-0.1.324.tgz",
      "integrity": "sha512-jJmNEWAS+lMY2TvUB9tdk1mpMlzctbgTAJFp+DlI71Ol5nk1EK+O4Mn7/EUVIXTdnMkxRcF5ujSMP7BU8qCdJA==",
      "license": "Apache-2.0"
    },
    "node_modules/tsc": {
      "version": "2.0.4",
      "resolved": "https://registry.npmjs.org/tsc/-/tsc-2.0.4.tgz",
      "integrity": "sha512-fzoSieZI5KKJVBYGvwbVZs/J5za84f2lSTLPYf6AGiIf43tZ3GNrI1QzTLcjtyDDP4aLxd46RTZq1nQxe7+k5Q==",
      "license": "MIT",
      "bin": {
        "tsc": "bin/tsc"
      }
    },
    "node_modules/typescript": {
      "version": "5.7.2",
      "resolved": "https://registry.npmjs.org/typescript/-/typescript-5.7.2.tgz",
      "integrity": "sha512-i5t66RHxDvVN40HfDd1PsEThGNnlMCMT3jMUuoh9/0TaqWevNontacunWyN02LA9/fIbEWlcHZcgTKb9QoaLfg==",
      "dev": true,
      "license": "Apache-2.0",
      "bin": {
        "tsc": "bin/tsc",
        "tsserver": "bin/tsserver"
      },
      "engines": {
        "node": ">=14.17"
      }
    }
  }
}
